
Microsoft Visual Studio Solution File, Format Version 12.00
# Visual Studio Version 17
VisualStudioVersion = 17.3.32929.385
MinimumVisualStudioVersion = 10.0.40219.1
Project("{FAE04EC0-301F-11D3-BF4B-00C04F79EFBC}") = "ToDoCirclePerimeter", "ToDo\ToDoCirclePerimeter.csproj", "{979695AC-DFD0-494F-ABF8-BA9370FA0384}"
EndProject
Global
	GlobalSection(SolutionConfigurationPlatforms) = preSolution
		Debug|Any CPU = Debug|Any CPU
		Release|Any CPU = Release|Any CPU
	EndGlobalSection
	GlobalSection(ProjectConfigurationPlatforms) = postSolution
		{979695AC-DFD0-494F-ABF8-BA9370FA0384}.Debug|Any CPU.ActiveCfg = Debug|Any CPU
		{979695AC-DFD0-494F-ABF8-BA9370FA0384}.Debug|Any CPU.Build.0 = Debug|Any CPU
		{979695AC-DFD0-494F-ABF8-BA9370FA0384}.Release|Any CPU.ActiveCfg = Release|Any CPU
		{979695AC-DFD0-494F-ABF8-BA9370FA0384}.Release|Any CPU.Build.0 = Release|Any CPU
	EndGlobalSection
	GlobalSection(SolutionProperties) = preSolution
		HideSolutionNode = FALSE
	EndGlobalSection
	GlobalSection(ExtensibilityGlobals) = postSolution
		SolutionGuid = {11705F8D-CD46-4A01-8DCB-7002D097ABCB}
	EndGlobalSection
EndGlobal
